{
  "name": "wgkz-editor",
  "lockfileVersion": 3,
  "requires": true,
  "packages": {
    "": {
      "name": "wgkz-editor",
      "dependencies": {
        "loro-crdt": "^1.8.1",
        "ws": "^8.15.1"
      }
    },
    "node_modules/loro-crdt": {
      "version": "1.8.1",
      "resolved": "https://registry.npmjs.org/loro-crdt/-/loro-crdt-1.8.1.tgz",
      "integrity": "sha512-+eAfDAKJl7JVwxUGOOVJlcB7XxSH6u11NB2IK7TbIrIUmu6gfOt3Q0HJaTfTkBYvr1mzB30WiQAlRdriyYsmZQ==",
      "license": "MIT"
    },
    "node_modules/ws": {
      "version": "8.18.3",
      "license": "MIT",
      "engines": {
        "node": ">=10.0.0"
      },
      "peerDependencies": {
        "bufferutil": "^4.0.1",
        "utf-8-validate": ">=5.0.2"
      },
      "peerDependenciesMeta": {
        "bufferutil": {
          "optional": true
        },
        "utf-8-validate": {
          "optional": true
        }
      }
    }
  }
}
